
Microsoft Visual Studio Solution File, Format Version 12.00
# Visual Studio 15
VisualStudioVersion = 15.0.27130.2024
MinimumVisualStudioVersion = 10.0.40219.1
Project("{FAE04EC0-301F-11D3-BF4B-00C04F79EFBC}") = "01_SumMatrixElement", "01_SumMatrixElement\01_SumMatrixElement.csproj", "{EE19E0A4-CEBC-43B8-A53E-8E2584B644FD}"
EndProject
Project("{FAE04EC0-301F-11D3-BF4B-00C04F79EFBC}") = "02_SquareWithMaxSum", "02_SquareWithMaxSum\02_SquareWithMaxSum.csproj", "{3B787330-F349-4676-865D-CA6E2E2BF480}"
EndProject
Global
	GlobalSection(SolutionConfigurationPlatforms) = preSolution
		Debug|Any CPU = Debug|Any CPU
		Release|Any CPU = Release|Any CPU
	EndGlobalSection
	GlobalSection(ProjectConfigurationPlatforms) = postSolution
		{EE19E0A4-CEBC-43B8-A53E-8E2584B644FD}.Debug|Any CPU.ActiveCfg = Debug|Any CPU
		{EE19E0A4-CEBC-43B8-A53E-8E2584B644FD}.Debug|Any CPU.Build.0 = Debug|Any CPU
		{EE19E0A4-CEBC-43B8-A53E-8E2584B644FD}.Release|Any CPU.ActiveCfg = Release|Any CPU
		{EE19E0A4-CEBC-43B8-A53E-8E2584B644FD}.Release|Any CPU.Build.0 = Release|Any CPU
		{3B787330-F349-4676-865D-CA6E2E2BF480}.Debug|Any CPU.ActiveCfg = Debug|Any CPU
		{3B787330-F349-4676-865D-CA6E2E2BF480}.Debug|Any CPU.Build.0 = Debug|Any CPU
		{3B787330-F349-4676-865D-CA6E2E2BF480}.Release|Any CPU.ActiveCfg = Release|Any CPU
		{3B787330-F349-4676-865D-CA6E2E2BF480}.Release|Any CPU.Build.0 = Release|Any CPU
	EndGlobalSection
	GlobalSection(SolutionProperties) = preSolution
		HideSolutionNode = FALSE
	EndGlobalSection
	GlobalSection(ExtensibilityGlobals) = postSolution
		SolutionGuid = {3E9E2762-ECE8-415D-ABAF-0CB34104DBBA}
	EndGlobalSection
EndGlobal
