
Microsoft Visual Studio Solution File, Format Version 12.00
# Visual Studio 15
VisualStudioVersion = 15.0.27130.2024
MinimumVisualStudioVersion = 10.0.40219.1
Project("{9A19103F-16F7-4668-BE54-9A1E7A4F7556}") = "p01_KeyRevolver", "p01_KeyRevolver\p01_KeyRevolver.csproj", "{4B82D899-497D-4512-907D-520F1A13133F}"
EndProject
Project("{2150E333-8FDC-42A3-9474-1A3956D46DE8}") = "CSharp Advanced Exam - 11 February 2018", "CSharp Advanced Exam - 11 February 2018", "{DDE45CD1-4A8D-4DB8-930C-9A7891792853}"
EndProject
Project("{FAE04EC0-301F-11D3-BF4B-00C04F79EFBC}") = "P03_CryptoBlockchain", "P03_CryptoBlockchain\P03_CryptoBlockchain.csproj", "{18791621-9DE6-4C31-8832-E95A4451E7B4}"
EndProject
Project("{FAE04EC0-301F-11D3-BF4B-00C04F79EFBC}") = "P04_HitList", "P04_HitList\P04_HitList.csproj", "{6D14DA90-B91E-4570-B447-EFB951BC90DB}"
EndProject
Global
	GlobalSection(SolutionConfigurationPlatforms) = preSolution
		Debug|Any CPU = Debug|Any CPU
		Release|Any CPU = Release|Any CPU
	EndGlobalSection
	GlobalSection(ProjectConfigurationPlatforms) = postSolution
		{4B82D899-497D-4512-907D-520F1A13133F}.Debug|Any CPU.ActiveCfg = Debug|Any CPU
		{4B82D899-497D-4512-907D-520F1A13133F}.Debug|Any CPU.Build.0 = Debug|Any CPU
		{4B82D899-497D-4512-907D-520F1A13133F}.Release|Any CPU.ActiveCfg = Release|Any CPU
		{4B82D899-497D-4512-907D-520F1A13133F}.Release|Any CPU.Build.0 = Release|Any CPU
		{18791621-9DE6-4C31-8832-E95A4451E7B4}.Debug|Any CPU.ActiveCfg = Debug|Any CPU
		{18791621-9DE6-4C31-8832-E95A4451E7B4}.Debug|Any CPU.Build.0 = Debug|Any CPU
		{18791621-9DE6-4C31-8832-E95A4451E7B4}.Release|Any CPU.ActiveCfg = Release|Any CPU
		{18791621-9DE6-4C31-8832-E95A4451E7B4}.Release|Any CPU.Build.0 = Release|Any CPU
		{6D14DA90-B91E-4570-B447-EFB951BC90DB}.Debug|Any CPU.ActiveCfg = Debug|Any CPU
		{6D14DA90-B91E-4570-B447-EFB951BC90DB}.Debug|Any CPU.Build.0 = Debug|Any CPU
		{6D14DA90-B91E-4570-B447-EFB951BC90DB}.Release|Any CPU.ActiveCfg = Release|Any CPU
		{6D14DA90-B91E-4570-B447-EFB951BC90DB}.Release|Any CPU.Build.0 = Release|Any CPU
	EndGlobalSection
	GlobalSection(SolutionProperties) = preSolution
		HideSolutionNode = FALSE
	EndGlobalSection
	GlobalSection(NestedProjects) = preSolution
		{4B82D899-497D-4512-907D-520F1A13133F} = {DDE45CD1-4A8D-4DB8-930C-9A7891792853}
		{18791621-9DE6-4C31-8832-E95A4451E7B4} = {DDE45CD1-4A8D-4DB8-930C-9A7891792853}
		{6D14DA90-B91E-4570-B447-EFB951BC90DB} = {DDE45CD1-4A8D-4DB8-930C-9A7891792853}
	EndGlobalSection
	GlobalSection(ExtensibilityGlobals) = postSolution
		SolutionGuid = {9F34D20B-A1E4-4443-97C1-2015218C51B7}
	EndGlobalSection
EndGlobal
