
Microsoft Visual Studio Solution File, Format Version 12.00
# Visual Studio 15
VisualStudioVersion = 15.0.27130.2024
MinimumVisualStudioVersion = 10.0.40219.1
Project("{FAE04EC0-301F-11D3-BF4B-00C04F79EFBC}") = "01_Redeh", "01_ AdvancedExam_25June2017\01_Redeh.csproj", "{01ABF919-EE0C-4C18-8817-F6F0B62EA5F0}"
EndProject
Project("{FAE04EC0-301F-11D3-BF4B-00C04F79EFBC}") = "02_KnightGame", "02_KnightGame\02_KnightGame.csproj", "{7324C560-30D2-4610-B8B6-53B5CE03E5E6}"
EndProject
Project("{FAE04EC0-301F-11D3-BF4B-00C04F79EFBC}") = "03_NumberWars", "03_NumberWars\03_NumberWars.csproj", "{C6D3C900-F28A-45C5-BAE7-3DB0D23564FE}"
EndProject
Global
	GlobalSection(SolutionConfigurationPlatforms) = preSolution
		Debug|Any CPU = Debug|Any CPU
		Release|Any CPU = Release|Any CPU
	EndGlobalSection
	GlobalSection(ProjectConfigurationPlatforms) = postSolution
		{01ABF919-EE0C-4C18-8817-F6F0B62EA5F0}.Debug|Any CPU.ActiveCfg = Debug|Any CPU
		{01ABF919-EE0C-4C18-8817-F6F0B62EA5F0}.Debug|Any CPU.Build.0 = Debug|Any CPU
		{01ABF919-EE0C-4C18-8817-F6F0B62EA5F0}.Release|Any CPU.ActiveCfg = Release|Any CPU
		{01ABF919-EE0C-4C18-8817-F6F0B62EA5F0}.Release|Any CPU.Build.0 = Release|Any CPU
		{7324C560-30D2-4610-B8B6-53B5CE03E5E6}.Debug|Any CPU.ActiveCfg = Debug|Any CPU
		{7324C560-30D2-4610-B8B6-53B5CE03E5E6}.Debug|Any CPU.Build.0 = Debug|Any CPU
		{7324C560-30D2-4610-B8B6-53B5CE03E5E6}.Release|Any CPU.ActiveCfg = Release|Any CPU
		{7324C560-30D2-4610-B8B6-53B5CE03E5E6}.Release|Any CPU.Build.0 = Release|Any CPU
		{C6D3C900-F28A-45C5-BAE7-3DB0D23564FE}.Debug|Any CPU.ActiveCfg = Debug|Any CPU
		{C6D3C900-F28A-45C5-BAE7-3DB0D23564FE}.Debug|Any CPU.Build.0 = Debug|Any CPU
		{C6D3C900-F28A-45C5-BAE7-3DB0D23564FE}.Release|Any CPU.ActiveCfg = Release|Any CPU
		{C6D3C900-F28A-45C5-BAE7-3DB0D23564FE}.Release|Any CPU.Build.0 = Release|Any CPU
	EndGlobalSection
	GlobalSection(SolutionProperties) = preSolution
		HideSolutionNode = FALSE
	EndGlobalSection
	GlobalSection(ExtensibilityGlobals) = postSolution
		SolutionGuid = {E693D262-0FC7-44D6-8695-3CEE9B190ED7}
	EndGlobalSection
EndGlobal
